
Microsoft Visual Studio Solution File, Format Version 12.00
# Visual Studio Version 16
VisualStudioVersion = 16.0.29920.165
MinimumVisualStudioVersion = 10.0.40219.1
Project("{FAE04EC0-301F-11D3-BF4B-00C04F79EFBC}") = "mdiPersist", "mdiPersist.csproj", "{A957EBAC-BB17-476B-9C37-A6AA6763339D}"
EndProject
Global
	GlobalSection(SolutionConfigurationPlatforms) = preSolution
		Debug|Any CPU = Debug|Any CPU
		Release|Any CPU = Release|Any CPU
	EndGlobalSection
	GlobalSection(ProjectConfigurationPlatforms) = postSolution
		{A957EBAC-BB17-476B-9C37-A6AA6763339D}.Debug|Any CPU.ActiveCfg = Debug|Any CPU
		{A957EBAC-BB17-476B-9C37-A6AA6763339D}.Debug|Any CPU.Build.0 = Debug|Any CPU
		{A957EBAC-BB17-476B-9C37-A6AA6763339D}.Release|Any CPU.ActiveCfg = Release|Any CPU
		{A957EBAC-BB17-476B-9C37-A6AA6763339D}.Release|Any CPU.Build.0 = Release|Any CPU
	EndGlobalSection
	GlobalSection(SolutionProperties) = preSolution
		HideSolutionNode = FALSE
	EndGlobalSection
	GlobalSection(ExtensibilityGlobals) = postSolution
		SolutionGuid = {6E4A306A-9A34-4A0E-9F55-3F726CC862FF}
	EndGlobalSection
EndGlobal
